
Microsoft Visual Studio Solution File, Format Version 12.00
# Visual Studio Version 17
VisualStudioVersion = 17.7.34031.279
MinimumVisualStudioVersion = 10.0.40219.1
Project("{FAE04EC0-301F-11D3-BF4B-00C04F79EFBC}") = "Cleaner", "Cleaner\Cleaner.csproj", "{5E7AFCFE-816B-43F2-94D2-17446D2F596D}"
EndProject
Project("{54435603-DBB4-11D2-8724-00A0C9A8B90C}") = "Setup1", "Setup1\Setup1.vdproj", "{B7F7D3E2-D70B-4120-A631-4926321A7F14}"
EndProject
Global
	GlobalSection(SolutionConfigurationPlatforms) = preSolution
		Debug|Any CPU = Debug|Any CPU
		Release|Any CPU = Release|Any CPU
	EndGlobalSection
	GlobalSection(ProjectConfigurationPlatforms) = postSolution
		{5E7AFCFE-816B-43F2-94D2-17446D2F596D}.Debug|Any CPU.ActiveCfg = Debug|Any CPU
		{5E7AFCFE-816B-43F2-94D2-17446D2F596D}.Debug|Any CPU.Build.0 = Debug|Any CPU
		{5E7AFCFE-816B-43F2-94D2-17446D2F596D}.Release|Any CPU.ActiveCfg = Release|Any CPU
		{5E7AFCFE-816B-43F2-94D2-17446D2F596D}.Release|Any CPU.Build.0 = Release|Any CPU
		{B7F7D3E2-D70B-4120-A631-4926321A7F14}.Debug|Any CPU.ActiveCfg = Debug
		{B7F7D3E2-D70B-4120-A631-4926321A7F14}.Release|Any CPU.ActiveCfg = Release
	EndGlobalSection
	GlobalSection(SolutionProperties) = preSolution
		HideSolutionNode = FALSE
	EndGlobalSection
	GlobalSection(ExtensibilityGlobals) = postSolution
		SolutionGuid = {D6E3A30B-F0A2-4890-A3E8-23C9A6E6E293}
	EndGlobalSection
EndGlobal
